
Microsoft Visual Studio Solution File, Format Version 12.00
# Visual Studio 2013
VisualStudioVersion = 12.0.31101.0
MinimumVisualStudioVersion = 10.0.40219.1
Project("{FAE04EC0-301F-11D3-BF4B-00C04F79EFBC}") = "ParticleEngine", "ParticleEngine\ParticleEngine.csproj", "{FC38BB9A-9B82-489F-8A05-3702436BD7BA}"
EndProject
Project("{54435603-DBB4-11D2-8724-00A0C9A8B90C}") = "Setup", "Setup\Setup.vdproj", "{91739E86-8394-4843-A816-BAE498039CBF}"
EndProject
Project("{FAE04EC0-301F-11D3-BF4B-00C04F79EFBC}") = "PhysicsEngine", "PhysicsEngine\PhysicsEngine.csproj", "{D1042E34-06C3-47F7-BF2C-E2978FA1C302}"
EndProject
Project("{FAE04EC0-301F-11D3-BF4B-00C04F79EFBC}") = "BallisticsEngine", "BallisticsEngine\BallisticsEngine.csproj", "{5B22D283-B022-402B-8311-F4B4A3FE04B3}"
EndProject
Global
	GlobalSection(SolutionConfigurationPlatforms) = preSolution
		Debug|Any CPU = Debug|Any CPU
		Release|Any CPU = Release|Any CPU
	EndGlobalSection
	GlobalSection(ProjectConfigurationPlatforms) = postSolution
		{FC38BB9A-9B82-489F-8A05-3702436BD7BA}.Debug|Any CPU.ActiveCfg = Release|Any CPU
		{FC38BB9A-9B82-489F-8A05-3702436BD7BA}.Debug|Any CPU.Build.0 = Release|Any CPU
		{FC38BB9A-9B82-489F-8A05-3702436BD7BA}.Release|Any CPU.ActiveCfg = Release|Any CPU
		{FC38BB9A-9B82-489F-8A05-3702436BD7BA}.Release|Any CPU.Build.0 = Release|Any CPU
		{91739E86-8394-4843-A816-BAE498039CBF}.Debug|Any CPU.ActiveCfg = Debug
		{91739E86-8394-4843-A816-BAE498039CBF}.Release|Any CPU.ActiveCfg = Release
		{D1042E34-06C3-47F7-BF2C-E2978FA1C302}.Debug|Any CPU.ActiveCfg = Debug|Any CPU
		{D1042E34-06C3-47F7-BF2C-E2978FA1C302}.Debug|Any CPU.Build.0 = Debug|Any CPU
		{D1042E34-06C3-47F7-BF2C-E2978FA1C302}.Release|Any CPU.ActiveCfg = Release|Any CPU
		{D1042E34-06C3-47F7-BF2C-E2978FA1C302}.Release|Any CPU.Build.0 = Release|Any CPU
		{5B22D283-B022-402B-8311-F4B4A3FE04B3}.Debug|Any CPU.ActiveCfg = Debug|Any CPU
		{5B22D283-B022-402B-8311-F4B4A3FE04B3}.Debug|Any CPU.Build.0 = Debug|Any CPU
		{5B22D283-B022-402B-8311-F4B4A3FE04B3}.Release|Any CPU.ActiveCfg = Release|Any CPU
		{5B22D283-B022-402B-8311-F4B4A3FE04B3}.Release|Any CPU.Build.0 = Release|Any CPU
	EndGlobalSection
	GlobalSection(SolutionProperties) = preSolution
		HideSolutionNode = FALSE
	EndGlobalSection
	GlobalSection(Performance) = preSolution
		HasPerformanceSessions = true
	EndGlobalSection
EndGlobal
